// !$*UTF8*$!
{
	archiveVersion = 1;
	classes = {
	};
	objectVersion = 46;
	objects = {

/* Begin PBXBuildFile section */
		328623921B8816FD00346850 /* Images.xcassets in Resources */ = {isa = PBXBuildFile; fileRef = 3286238B1B8816FD00346850 /* Images.xcassets */; };
		328623931B8816FD00346850 /* LaunchScreen.xib in Resources */ = {isa = PBXBuildFile; fileRef = 3286238C1B8816FD00346850 /* LaunchScreen.xib */; };
		328623941B8816FD00346850 /* Main.storyboard in Resources */ = {isa = PBXBuildFile; fileRef = 3286238D1B8816FD00346850 /* Main.storyboard */; };
		328623951B8816FD00346850 /* AppDelegate.swift in Sources */ = {isa = PBXBuildFile; fileRef = 3286238E1B8816FD00346850 /* AppDelegate.swift */; };
		328623961B8816FD00346850 /* ViewController.swift in Sources */ = {isa = PBXBuildFile; fileRef = 3286238F1B8816FD00346850 /* ViewController.swift */; };
		328623971B8816FD00346850 /* ImageCell.swift in Sources */ = {isa = PBXBuildFile; fileRef = 328623901B8816FD00346850 /* ImageCell.swift */; };
		328623981B8816FD00346850 /* CellModel.swift in Sources */ = {isa = PBXBuildFile; fileRef = 328623911B8816FD00346850 /* CellModel.swift */; };
/* End PBXBuildFile section */

/* Begin PBXFileReference section */
		328623661B8816C000346850 /* ParallaxCells.app */ = {isa = PBXFileReference; explicitFileType = wrapper.application; includeInIndex = 0; path = ParallaxCells.app; sourceTree = BUILT_PRODUCTS_DIR; };
		3286236A1B8816C000346850 /* Info.plist */ = {isa = PBXFileReference; lastKnownFileType = text.plist.xml; path = Info.plist; sourceTree = "<group>"; };
		3286238B1B8816FD00346850 /* Images.xcassets */ = {isa = PBXFileReference; lastKnownFileType = folder.assetcatalog; path = Images.xcassets; sourceTree = "<group>"; };
		3286238C1B8816FD00346850 /* LaunchScreen.xib */ = {isa = PBXFileReference; fileEncoding = 4; lastKnownFileType = file.xib; path = LaunchScreen.xib; sourceTree = "<group>"; };
		3286238D1B8816FD00346850 /* Main.storyboard */ = {isa = PBXFileReference; fileEncoding = 4; lastKnownFileType = file.storyboard; path = Main.storyboard; sourceTree = "<group>"; };
		3286238E1B8816FD00346850 /* AppDelegate.swift */ = {isa = PBXFileReference; fileEncoding = 4; lastKnownFileType = sourcecode.swift; path = AppDelegate.swift; sourceTree = "<group>"; };
		3286238F1B8816FD00346850 /* ViewController.swift */ = {isa = PBXFileReference; fileEncoding = 4; lastKnownFileType = sourcecode.swift; path = ViewController.swift; sourceTree = "<group>"; };
		328623901B8816FD00346850 /* ImageCell.swift */ = {isa = PBXFileReference; fileEncoding = 4; lastKnownFileType = sourcecode.swift; path = ImageCell.swift; sourceTree = "<group>"; };
		328623911B8816FD00346850 /* CellModel.swift */ = {isa = PBXFileReference; fileEncoding = 4; lastKnownFileType = sourcecode.swift; path = CellModel.swift; sourceTree = "<group>"; };
/* End PBXFileReference section */

/* Begin PBXFrameworksBuildPhase section */
		328623631B8816C000346850 /* Frameworks */ = {
			isa = PBXFrameworksBuildPhase;
			buildActionMask = 2147483647;
			files = (
			);
			runOnlyForDeploymentPostprocessing = 0;
		};
/* End PBXFrameworksBuildPhase section */

/* Begin PBXGroup section */
		3286235D1B8816C000346850 = {
			isa = PBXGroup;
			children = (
				328623681B8816C000346850 /* ParallaxCells */,
				328623671B8816C000346850 /* Products */,
			);
			sourceTree = "<group>";
		};
		328623671B8816C000346850 /* Products */ = {
			isa = PBXGroup;
			children = (
				328623661B8816C000346850 /* ParallaxCells.app */,
			);
			name = Products;
			sourceTree = "<group>";
		};
		328623681B8816C000346850 /* ParallaxCells */ = {
			isa = PBXGroup;
			children = (
				328623691B8816C000346850 /* Supporting Files */,
				3286238B1B8816FD00346850 /* Images.xcassets */,
				3286238C1B8816FD00346850 /* LaunchScreen.xib */,
				3286238D1B8816FD00346850 /* Main.storyboard */,
				3286238E1B8816FD00346850 /* AppDelegate.swift */,
				3286238F1B8816FD00346850 /* ViewController.swift */,
				328623901B8816FD00346850 /* ImageCell.swift */,
				328623911B8816FD00346850 /* CellModel.swift */,
			);
			path = ParallaxCells;
			sourceTree = "<group>";
		};
		328623691B8816C000346850 /* Supporting Files */ = {
			isa = PBXGroup;
			children = (
				3286236A1B8816C000346850 /* Info.plist */,
			);
			name = "Supporting Files";
			sourceTree = "<group>";
		};
/* End PBXGroup section */

/* Begin PBXNativeTarget section */
		328623651B8816C000346850 /* ParallaxCells */ = {
			isa = PBXNativeTarget;
			buildConfigurationList = 328623851B8816C000346850 /* Build configuration list for PBXNativeTarget "ParallaxCells" */;
			buildPhases = (
				328623621B8816C000346850 /* Sources */,
				328623631B8816C000346850 /* Frameworks */,
				328623641B8816C000346850 /* Resources */,
			);
			buildRules = (
			);
			dependencies = (
			);
			name = ParallaxCells;
			productName = ParallaxCells;
			productReference = 328623661B8816C000346850 /* ParallaxCells.app */;
			productType = "com.apple.product-type.application";
		};
/* End PBXNativeTarget section */

/* Begin PBXProject section */
		3286235E1B8816C000346850 /* Project object */ = {
			isa = PBXProject;
			attributes = {
				LastUpgradeCheck = 0640;
				ORGANIZATIONNAME = "Rocko Labs";
				TargetAttributes = {
					328623651B8816C000346850 = {
						CreatedOnToolsVersion = 6.4;
					};
				};
			};
			buildConfigurationList = 328623611B8816C000346850 /* Build configuration list for PBXProject "ParallaxCells" */;
			compatibilityVersion = "Xcode 3.2";
			developmentRegion = English;
			hasScannedForEncodings = 0;
			knownRegions = (
				en,
				Base,
			);
			mainGroup = 3286235D1B8816C000346850;
			productRefGroup = 328623671B8816C000346850 /* Products */;
			projectDirPath = "";
			projectRoot = "";
			targets = (
				328623651B8816C000346850 /* ParallaxCells */,
			);
		};
/* End PBXProject section */

/* Begin PBXResourcesBuildPhase section */
		328623641B8816C000346850 /* Resources */ = {
			isa = PBXResourcesBuildPhase;
			buildActionMask = 2147483647;
			files = (
				328623941B8816FD00346850 /* Main.storyboard in Resources */,
				328623931B8816FD00346850 /* LaunchScreen.xib in Resources */,
				328623921B8816FD00346850 /* Images.xcassets in Resources */,
			);
			runOnlyForDeploymentPostprocessing = 0;
		};
/* End PBXResourcesBuildPhase section */

/* Begin PBXSourcesBuildPhase section */
		328623621B8816C000346850 /* Sources */ = {
			isa = PBXSourcesBuildPhase;
			buildActionMask = 2147483647;
			files = (
				328623961B8816FD00346850 /* ViewController.swift in Sources */,
				328623951B8816FD00346850 /* AppDelegate.swift in Sources */,
				328623971B8816FD00346850 /* ImageCell.swift in Sources */,
				328623981B8816FD00346850 /* CellModel.swift in Sources */,
			);
			runOnlyForDeploymentPostprocessing = 0;
		};
/* End PBXSourcesBuildPhase section */

/* Begin XCBuildConfiguration section */
		328623831B8816C000346850 /* Debug */ = {
			isa = XCBuildConfiguration;
			buildSettings = {
				ALWAYS_SEARCH_USER_PATHS = NO;
				CLANG_CXX_LANGUAGE_STANDARD = "gnu++0x";
				CLANG_CXX_LIBRARY = "libc++";
				CLANG_ENABLE_MODULES = YES;
				CLANG_ENABLE_OBJC_ARC = YES;
				CLANG_WARN_BOOL_CONVERSION = YES;
				CLANG_WARN_CONSTANT_CONVERSION = YES;
				CLANG_WARN_DIRECT_OBJC_ISA_USAGE = YES_ERROR;
				CLANG_WARN_EMPTY_BODY = YES;
				CLANG_WARN_ENUM_CONVERSION = YES;
				CLANG_WARN_INT_CONVERSION = YES;
				CLANG_WARN_OBJC_ROOT_CLASS = YES_ERROR;
				CLANG_WARN_UNREACHABLE_CODE = YES;
				CLANG_WARN__DUPLICATE_METHOD_MATCH = YES;
				"CODE_SIGN_IDENTITY[sdk=iphoneos*]" = "iPhone Developer";
				COPY_PHASE_STRIP = NO;
				DEBUG_INFORMATION_FORMAT = "dwarf-with-dsym";
				ENABLE_STRICT_OBJC_MSGSEND = YES;
				GCC_C_LANGUAGE_STANDARD = gnu99;
				GCC_DYNAMIC_NO_PIC = NO;
				GCC_NO_COMMON_BLOCKS = YES;
				GCC_OPTIMIZATION_LEVEL = 0;
				GCC_PREPROCESSOR_DEFINITIONS = (
					"DEBUG=1",
					"$(inherited)",
				);
				GCC_SYMBOLS_PRIVATE_EXTERN = NO;
				GCC_WARN_64_TO_32_BIT_CONVERSION = YES;
				GCC_WARN_ABOUT_RETURN_TYPE = YES_ERROR;
				GCC_WARN_UNDECLARED_SELECTOR = YES;
				GCC_WARN_UNINITIALIZED_AUTOS = YES_AGGRESSIVE;
				GCC_WARN_UNUSED_FUNCTION = YES;
				GCC_WARN_UNUSED_VARIABLE = YES;
				IPHONEOS_DEPLOYMENT_TARGET = 8.0;
				MTL_ENABLE_DEBUG_INFO = YES;
				ONLY_ACTIVE_ARCH = YES;
				SDKROOT = iphoneos;
				SWIFT_OPTIMIZATION_LEVEL = "-Onone";
			};
			name = Debug;
		};
		328623841B8816C000346850 /* Release */ = {
			isa = XCBuildConfiguration;
			buildSettings = {
				ALWAYS_SEARCH_USER_PATHS = NO;
				CLANG_CXX_LANGUAGE_STANDARD = "gnu++0x";
				CLANG_CXX_LIBRARY = "libc++";
				CLANG_ENABLE_MODULES = YES;
				CLANG_ENABLE_OBJC_ARC = YES;
				CLANG_WARN_BOOL_CONVERSION = YES;
				CLANG_WARN_CONSTANT_CONVERSION = YES;
				CLANG_WARN_DIRECT_OBJC_ISA_USAGE = YES_ERROR;
				CLANG_WARN_EMPTY_BODY = YES;
				CLANG_WARN_ENUM_CONVERSION = YES;
				CLANG_WARN_INT_CONVERSION = YES;
				CLANG_WARN_OBJC_ROOT_CLASS = YES_ERROR;
				CLANG_WARN_UNREACHABLE_CODE = YES;
				CLANG_WARN__DUPLICATE_METHOD_MATCH = YES;
				"CODE_SIGN_IDENTITY[sdk=iphoneos*]" = "iPhone Developer";
				COPY_PHASE_STRIP = NO;
				DEBUG_INFORMATION_FORMAT = "dwarf-with-dsym";
				ENABLE_NS_ASSERTIONS = NO;
				ENABLE_STRICT_OBJC_MSGSEND = YES;
				GCC_C_LANGUAGE_STANDARD = gnu99;
				GCC_NO_COMMON_BLOCKS = YES;
				GCC_WARN_64_TO_32_BIT_CONVERSION = YES;
				GCC_WARN_ABOUT_RETURN_TYPE = YES_ERROR;
				GCC_WARN_UNDECLARED_SELECTOR = YES;
				GCC_WARN_UNINITIALIZED_AUTOS = YES_AGGRESSIVE;
				GCC_WARN_UNUSED_FUNCTION = YES;
				GCC_WARN_UNUSED_VARIABLE = YES;
				IPHONEOS_DEPLOYMENT_TARGET = 8.0;
				MTL_ENABLE_DEBUG_INFO = NO;
				SDKROOT = iphoneos;
				VALIDATE_PRODUCT = YES;
			};
			name = Release;
		};
		328623861B8816C000346850 /* Debug */ = {
			isa = XCBuildConfiguration;
			buildSettings = {
				ASSETCATALOG_COMPILER_APPICON_NAME = AppIcon;
				CLANG_ENABLE_MODULES = YES;
				INFOPLIST_FILE = ParallaxCells/Info.plist;
				LD_RUNPATH_SEARCH_PATHS = "$(inherited) @executable_path/Frameworks";
				PRODUCT_NAME = "$(TARGET_NAME)";
				SWIFT_OPTIMIZATION_LEVEL = "-Onone";
			};
			name = Debug;
		};
		328623871B8816C000346850 /* Release */ = {
			isa = XCBuildConfiguration;
			buildSettings = {
				ASSETCATALOG_COMPILER_APPICON_NAME = AppIcon;
				CLANG_ENABLE_MODULES = YES;
				INFOPLIST_FILE = ParallaxCells/Info.plist;
				LD_RUNPATH_SEARCH_PATHS = "$(inherited) @executable_path/Frameworks";
				PRODUCT_NAME = "$(TARGET_NAME)";
			};
			name = Release;
		};
/* End XCBuildConfiguration section */

/* Begin XCConfigurationList section */
		328623611B8816C000346850 /* Build configuration list for PBXProject "ParallaxCells" */ = {
			isa = XCConfigurationList;
			buildConfigurations = (
				328623831B8816C000346850 /* Debug */,
				328623841B8816C000346850 /* Release */,
			);
			defaultConfigurationIsVisible = 0;
			defaultConfigurationName = Release;
		};
		328623851B8816C000346850 /* Build configuration list for PBXNativeTarget "ParallaxCells" */ = {
			isa = XCConfigurationList;
			buildConfigurations = (
				328623861B8816C000346850 /* Debug */,
				328623871B8816C000346850 /* Release */,
			);
			defaultConfigurationIsVisible = 0;
		};
/* End XCConfigurationList section */
	};
	rootObject = 3286235E1B8816C000346850 /* Project object */;
}
